
Microsoft Visual Studio Solution File, Format Version 12.00
Project("{FAE04EC0-301F-11D3-BF4B-00C04F79EFBC}") = "TelegramBot", "TelegramBot\TelegramBot.csproj", "{012BF297-B2E5-4AC1-BCAF-70D63D954D19}"
EndProject
Global
	GlobalSection(SolutionConfigurationPlatforms) = preSolution
		Debug|Any CPU = Debug|Any CPU
		Release|Any CPU = Release|Any CPU
	EndGlobalSection
	GlobalSection(ProjectConfigurationPlatforms) = postSolution
		{012BF297-B2E5-4AC1-BCAF-70D63D954D19}.Debug|Any CPU.ActiveCfg = Debug|Any CPU
		{012BF297-B2E5-4AC1-BCAF-70D63D954D19}.Debug|Any CPU.Build.0 = Debug|Any CPU
		{012BF297-B2E5-4AC1-BCAF-70D63D954D19}.Release|Any CPU.ActiveCfg = Release|Any CPU
		{012BF297-B2E5-4AC1-BCAF-70D63D954D19}.Release|Any CPU.Build.0 = Release|Any CPU
	EndGlobalSection
EndGlobal
